{
  "name": "jssuper",
  "version": "1.4.0",
  "lockfileVersion": 2,
  "requires": true,
  "packages": {
    "": {
      "name": "jssuper",
      "version": "1.4.0",
      "license": "ISC",
      "dependencies": {
        "jssuper": "^1.4.0"
      }
    },
    "node_modules/jssuper": {
      "version": "1.4.0",
      "resolved": "https://registry.npmjs.org/jssuper/-/jssuper-1.4.0.tgz",
      "integrity": "sha512-6cClKANcpHB+Q5mM9vPCexL+kHwsslfBj6SggxXRAjpxhZUYZLRFl1ETuwme9eHNtbakrIqFIPTJBVREk0EMhA=="
    }
  },
  "dependencies": {
    "jssuper": {
      "version": "1.4.0",
      "resolved": "https://registry.npmjs.org/jssuper/-/jssuper-1.4.0.tgz",
      "integrity": "sha512-6cClKANcpHB+Q5mM9vPCexL+kHwsslfBj6SggxXRAjpxhZUYZLRFl1ETuwme9eHNtbakrIqFIPTJBVREk0EMhA=="
    }
  }
}
